{
  "name": "ng-loading-spinner",
  "version": "2.0.0",
  "lockfileVersion": 1,
  "requires": true,
  "dependencies": {
    "@angular/common": {
      "version": "11.0.3",
      "resolved": "https://registry.npmjs.org/@angular/common/-/common-11.0.3.tgz",
      "integrity": "sha512-g5j6pwN6GOcqIDMV87/ZELm/VlWBvMj2vewIBr0a9KSA/pdAe6rvWR9kfnK9G6GFLv6ST3mq8HWe7NGyF1jpTw==",
      "requires": {
        "tslib": "^2.0.0"
      }
    },
    "@angular/core": {
      "version": "11.0.3",
      "resolved": "https://registry.npmjs.org/@angular/core/-/core-11.0.3.tgz",
      "integrity": "sha512-bxo5euE7+Q2ThowkVRwwvKyF5vQEyo9V14JM3GW8k2THbk7LfNctyNkTeuvkTBWfLF17Nd7b5+BdNttNKNlCuQ==",
      "requires": {
        "tslib": "^2.0.0"
      }
    },
    "rxjs": {
      "version": "6.6.3",
      "resolved": "https://registry.npmjs.org/rxjs/-/rxjs-6.6.3.tgz",
      "integrity": "sha512-trsQc+xYYXZ3urjOiJOuCOa5N3jAZ3eiSpQB5hIT8zGlL2QfnHLJ2r7GMkBGuIausdJN1OneaI6gQlsqNHHmZQ==",
      "requires": {
        "tslib": "^1.9.0"
      },
      "dependencies": {
        "tslib": {
          "version": "1.14.1",
          "resolved": "https://registry.npmjs.org/tslib/-/tslib-1.14.1.tgz",
          "integrity": "sha512-Xni35NKzjgMrwevysHTCArtLDpPvye8zV/0E4EyYn43P7/7qvQwPh9BGkHewbMulVntbigmcT7rdX3BNo9wRJg=="
        }
      }
    },
    "tslib": {
      "version": "2.0.3",
      "resolved": "https://registry.npmjs.org/tslib/-/tslib-2.0.3.tgz",
      "integrity": "sha512-uZtkfKblCEQtZKBF6EBXVZeQNl82yqtDQdv+eck8u7tdPxjLu2/lp5/uPW+um2tpuxINHWy3GhiccY7QgEaVHQ=="
    }
  }
}
